
Microsoft Visual Studio Solution File, Format Version 12.00
# Visual Studio Version 16
VisualStudioVersion = 16.0.28714.193
MinimumVisualStudioVersion = 10.0.40219.1
Project("{FAE04EC0-301F-11D3-BF4B-00C04F79EFBC}") = "BlazorCalculator.Web", "BlazorCalculator.Web\BlazorCalculator.Web.csproj", "{AE68E5D6-332F-4DF0-99FE-87D8FBD06A17}"
EndProject
Global
	GlobalSection(SolutionConfigurationPlatforms) = preSolution
		Debug|Any CPU = Debug|Any CPU
		Release|Any CPU = Release|Any CPU
	EndGlobalSection
	GlobalSection(ProjectConfigurationPlatforms) = postSolution
		{AE68E5D6-332F-4DF0-99FE-87D8FBD06A17}.Debug|Any CPU.ActiveCfg = Debug|Any CPU
		{AE68E5D6-332F-4DF0-99FE-87D8FBD06A17}.Debug|Any CPU.Build.0 = Debug|Any CPU
		{AE68E5D6-332F-4DF0-99FE-87D8FBD06A17}.Release|Any CPU.ActiveCfg = Release|Any CPU
		{AE68E5D6-332F-4DF0-99FE-87D8FBD06A17}.Release|Any CPU.Build.0 = Release|Any CPU
	EndGlobalSection
	GlobalSection(SolutionProperties) = preSolution
		HideSolutionNode = FALSE
	EndGlobalSection
	GlobalSection(ExtensibilityGlobals) = postSolution
		SolutionGuid = {0AFC2251-601E-4916-967D-7E3E497C8FC3}
	EndGlobalSection
EndGlobal
